
Microsoft Visual Studio Solution File, Format Version 12.00
# Visual Studio 15
VisualStudioVersion = 15.0.27130.2024
MinimumVisualStudioVersion = 10.0.40219.1
Project("{FAE04EC0-301F-11D3-BF4B-00C04F79EFBC}") = "BookRanking.Data", "BookRanking.Data\BookRanking.Data.csproj", "{B5B4ADF2-6CB7-484E-8EE7-E349B7D3021D}"
EndProject
Project("{FAE04EC0-301F-11D3-BF4B-00C04F79EFBC}") = "BookRanking.Client", "BookRanking.Client\BookRanking.Client.csproj", "{964229EE-4365-453F-82AD-CC0F77ACEA5A}"
EndProject
Project("{FAE04EC0-301F-11D3-BF4B-00C04F79EFBC}") = "BookRanking.Context", "BookRanking.Context\BookRanking.Context.csproj", "{FE284570-B1E1-4792-996F-08874CDBDD97}"
EndProject
Global
	GlobalSection(SolutionConfigurationPlatforms) = preSolution
		Debug|Any CPU = Debug|Any CPU
		Release|Any CPU = Release|Any CPU
	EndGlobalSection
	GlobalSection(ProjectConfigurationPlatforms) = postSolution
		{B5B4ADF2-6CB7-484E-8EE7-E349B7D3021D}.Debug|Any CPU.ActiveCfg = Debug|Any CPU
		{B5B4ADF2-6CB7-484E-8EE7-E349B7D3021D}.Debug|Any CPU.Build.0 = Debug|Any CPU
		{B5B4ADF2-6CB7-484E-8EE7-E349B7D3021D}.Release|Any CPU.ActiveCfg = Release|Any CPU
		{B5B4ADF2-6CB7-484E-8EE7-E349B7D3021D}.Release|Any CPU.Build.0 = Release|Any CPU
		{964229EE-4365-453F-82AD-CC0F77ACEA5A}.Debug|Any CPU.ActiveCfg = Debug|Any CPU
		{964229EE-4365-453F-82AD-CC0F77ACEA5A}.Debug|Any CPU.Build.0 = Debug|Any CPU
		{964229EE-4365-453F-82AD-CC0F77ACEA5A}.Release|Any CPU.ActiveCfg = Release|Any CPU
		{964229EE-4365-453F-82AD-CC0F77ACEA5A}.Release|Any CPU.Build.0 = Release|Any CPU
		{FE284570-B1E1-4792-996F-08874CDBDD97}.Debug|Any CPU.ActiveCfg = Debug|Any CPU
		{FE284570-B1E1-4792-996F-08874CDBDD97}.Debug|Any CPU.Build.0 = Debug|Any CPU
		{FE284570-B1E1-4792-996F-08874CDBDD97}.Release|Any CPU.ActiveCfg = Release|Any CPU
		{FE284570-B1E1-4792-996F-08874CDBDD97}.Release|Any CPU.Build.0 = Release|Any CPU
	EndGlobalSection
	GlobalSection(SolutionProperties) = preSolution
		HideSolutionNode = FALSE
	EndGlobalSection
	GlobalSection(ExtensibilityGlobals) = postSolution
		SolutionGuid = {80B41307-3A7E-47D6-8584-DAC08D5D1857}
	EndGlobalSection
EndGlobal
